// !$*UTF8*$!
{
	archiveVersion = 1;
	classes = {
	};
	objectVersion = 46;
	objects = {

/* Begin PBXBuildFile section */
		DB445A5218C3D1F50004AFFF /* IntroTutoViewController.m in Sources */ = {isa = PBXBuildFile; fileRef = DB445A5118C3D1F50004AFFF /* IntroTutoViewController.m */; };
		DB445A5518C3D20B0004AFFF /* DescriptionTutoViewController.m in Sources */ = {isa = PBXBuildFile; fileRef = DB445A5418C3D20B0004AFFF /* DescriptionTutoViewController.m */; };
		DB445A5818C3D21D0004AFFF /* TricksTutoViewController.m in Sources */ = {isa = PBXBuildFile; fileRef = DB445A5718C3D21D0004AFFF /* TricksTutoViewController.m */; };
		DB445A5B18C3D2320004AFFF /* EndTutoViewController.m in Sources */ = {isa = PBXBuildFile; fileRef = DB445A5A18C3D2320004AFFF /* EndTutoViewController.m */; };
		DB445A5D18C3F2E30004AFFF /* iPhone5.storyboard in Resources */ = {isa = PBXBuildFile; fileRef = DB445A5C18C3F2E30004AFFF /* iPhone5.storyboard */; };
		DB445A6118C40DE80004AFFF /* LOGO.png in Resources */ = {isa = PBXBuildFile; fileRef = DB445A5F18C40DE80004AFFF /* LOGO.png */; };
		DB445A6418C410C20004AFFF /* background.png in Resources */ = {isa = PBXBuildFile; fileRef = DB445A6218C410C20004AFFF /* background.png */; };
		DB445A6518C410C20004AFFF /* background02.png in Resources */ = {isa = PBXBuildFile; fileRef = DB445A6318C410C20004AFFF /* background02.png */; };
		DB445A6718C412E70004AFFF /* smallLogo.png in Resources */ = {isa = PBXBuildFile; fileRef = DB445A6618C412E70004AFFF /* smallLogo.png */; };
		DB445A6B18C414A60004AFFF /* logo58.png in Resources */ = {isa = PBXBuildFile; fileRef = DB445A6818C414A60004AFFF /* logo58.png */; };
		DB445A6C18C414A60004AFFF /* logo80.png in Resources */ = {isa = PBXBuildFile; fileRef = DB445A6918C414A60004AFFF /* logo80.png */; };
		DB445A6D18C414A60004AFFF /* logo120.png in Resources */ = {isa = PBXBuildFile; fileRef = DB445A6A18C414A60004AFFF /* logo120.png */; };
		DB7125BD18C2585200DC5D3F /* code_wallpaper.jpg in Resources */ = {isa = PBXBuildFile; fileRef = DB7125BC18C2585200DC5D3F /* code_wallpaper.jpg */; };
		DB7125C118C25DB000DC5D3F /* 10027_640x960_iphonehdwallpapers_net.jpg in Resources */ = {isa = PBXBuildFile; fileRef = DB7125C018C25DB000DC5D3F /* 10027_640x960_iphonehdwallpapers_net.jpg */; };
		DB7125C318C25F1500DC5D3F /* 6625_640x960_iphonehdwallpapers_net.jpg in Resources */ = {isa = PBXBuildFile; fileRef = DB7125C218C25F1500DC5D3F /* 6625_640x960_iphonehdwallpapers_net.jpg */; };
		DB7125C518C26D6800DC5D3F /* background.jpg in Resources */ = {isa = PBXBuildFile; fileRef = DB7125C418C26D6800DC5D3F /* background.jpg */; };
		DB7125C918C272DC00DC5D3F /* fingerPrint_1.jpg in Resources */ = {isa = PBXBuildFile; fileRef = DB7125C818C272DC00DC5D3F /* fingerPrint_1.jpg */; };
		DB7125D618C279FF00DC5D3F /* PetitionViewController.m in Sources */ = {isa = PBXBuildFile; fileRef = DB7125D518C279FF00DC5D3F /* PetitionViewController.m */; };
		DB9201EE18C0FA6C00BFD05C /* wi-spi-background-3.jpg in Resources */ = {isa = PBXBuildFile; fileRef = DB9201ED18C0FA6C00BFD05C /* wi-spi-background-3.jpg */; };
		DB9201F018C0FC5600BFD05C /* finger-print-scan.png in Resources */ = {isa = PBXBuildFile; fileRef = DB9201EF18C0FC5600BFD05C /* finger-print-scan.png */; };
		DBF53A1C18C0EBC000428BF8 /* Foundation.framework in Frameworks */ = {isa = PBXBuildFile; fileRef = DBF53A1B18C0EBC000428BF8 /* Foundation.framework */; };
		DBF53A1E18C0EBC000428BF8 /* CoreGraphics.framework in Frameworks */ = {isa = PBXBuildFile; fileRef = DBF53A1D18C0EBC000428BF8 /* CoreGraphics.framework */; };
		DBF53A2018C0EBC000428BF8 /* UIKit.framework in Frameworks */ = {isa = PBXBuildFile; fileRef = DBF53A1F18C0EBC000428BF8 /* UIKit.framework */; };
		DBF53A2618C0EBC000428BF8 /* InfoPlist.strings in Resources */ = {isa = PBXBuildFile; fileRef = DBF53A2418C0EBC000428BF8 /* InfoPlist.strings */; };
		DBF53A2818C0EBC000428BF8 /* main.m in Sources */ = {isa = PBXBuildFile; fileRef = DBF53A2718C0EBC000428BF8 /* main.m */; };
		DBF53A2C18C0EBC000428BF8 /* AppDelegate.m in Sources */ = {isa = PBXBuildFile; fileRef = DBF53A2B18C0EBC000428BF8 /* AppDelegate.m */; };
		DBF53A2F18C0EBC000428BF8 /* Main.storyboard in Resources */ = {isa = PBXBuildFile; fileRef = DBF53A2D18C0EBC000428BF8 /* Main.storyboard */; };
		DBF53A3218C0EBC000428BF8 /* ViewController.m in Sources */ = {isa = PBXBuildFile; fileRef = DBF53A3118C0EBC000428BF8 /* ViewController.m */; };
		DBF53A3418C0EBC000428BF8 /* Images.xcassets in Resources */ = {isa = PBXBuildFile; fileRef = DBF53A3318C0EBC000428BF8 /* Images.xcassets */; };
		DBF53A3B18C0EBC000428BF8 /* XCTest.framework in Frameworks */ = {isa = PBXBuildFile; fileRef = DBF53A3A18C0EBC000428BF8 /* XCTest.framework */; };
		DBF53A3C18C0EBC000428BF8 /* Foundation.framework in Frameworks */ = {isa = PBXBuildFile; fileRef = DBF53A1B18C0EBC000428BF8 /* Foundation.framework */; };
		DBF53A3D18C0EBC000428BF8 /* UIKit.framework in Frameworks */ = {isa = PBXBuildFile; fileRef = DBF53A1F18C0EBC000428BF8 /* UIKit.framework */; };
		DBF53A4518C0EBC000428BF8 /* InfoPlist.strings in Resources */ = {isa = PBXBuildFile; fileRef = DBF53A4318C0EBC000428BF8 /* InfoPlist.strings */; };
		DBF53A4718C0EBC000428BF8 /* WiSpyTests.m in Sources */ = {isa = PBXBuildFile; fileRef = DBF53A4618C0EBC000428BF8 /* WiSpyTests.m */; };
		DBF53A6218C0F30700428BF8 /* wi-spi-background-2.png in Resources */ = {isa = PBXBuildFile; fileRef = DBF53A6118C0F30700428BF8 /* wi-spi-background-2.png */; };
/* End PBXBuildFile section */

/* Begin PBXContainerItemProxy section */
		DBF53A3E18C0EBC000428BF8 /* PBXContainerItemProxy */ = {
			isa = PBXContainerItemProxy;
			containerPortal = DBF53A1018C0EBC000428BF8 /* Project object */;
			proxyType = 1;
			remoteGlobalIDString = DBF53A1718C0EBC000428BF8;
			remoteInfo = WiSpy;
		};
/* End PBXContainerItemProxy section */

/* Begin PBXFileReference section */
		DB445A5018C3D1F50004AFFF /* IntroTutoViewController.h */ = {isa = PBXFileReference; fileEncoding = 4; lastKnownFileType = sourcecode.c.h; path = IntroTutoViewController.h; sourceTree = "<group>"; };
		DB445A5118C3D1F50004AFFF /* IntroTutoViewController.m */ = {isa = PBXFileReference; fileEncoding = 4; lastKnownFileType = sourcecode.c.objc; path = IntroTutoViewController.m; sourceTree = "<group>"; };
		DB445A5318C3D20B0004AFFF /* DescriptionTutoViewController.h */ = {isa = PBXFileReference; fileEncoding = 4; lastKnownFileType = sourcecode.c.h; path = DescriptionTutoViewController.h; sourceTree = "<group>"; };
		DB445A5418C3D20B0004AFFF /* DescriptionTutoViewController.m */ = {isa = PBXFileReference; fileEncoding = 4; lastKnownFileType = sourcecode.c.objc; path = DescriptionTutoViewController.m; sourceTree = "<group>"; };
		DB445A5618C3D21D0004AFFF /* TricksTutoViewController.h */ = {isa = PBXFileReference; fileEncoding = 4; lastKnownFileType = sourcecode.c.h; path = TricksTutoViewController.h; sourceTree = "<group>"; };
		DB445A5718C3D21D0004AFFF /* TricksTutoViewController.m */ = {isa = PBXFileReference; fileEncoding = 4; lastKnownFileType = sourcecode.c.objc; path = TricksTutoViewController.m; sourceTree = "<group>"; };
		DB445A5918C3D2320004AFFF /* EndTutoViewController.h */ = {isa = PBXFileReference; fileEncoding = 4; lastKnownFileType = sourcecode.c.h; path = EndTutoViewController.h; sourceTree = "<group>"; };
		DB445A5A18C3D2320004AFFF /* EndTutoViewController.m */ = {isa = PBXFileReference; fileEncoding = 4; lastKnownFileType = sourcecode.c.objc; path = EndTutoViewController.m; sourceTree = "<group>"; };
		DB445A5C18C3F2E30004AFFF /* iPhone5.storyboard */ = {isa = PBXFileReference; fileEncoding = 4; lastKnownFileType = file.storyboard; path = iPhone5.storyboard; sourceTree = "<group>"; };
		DB445A5F18C40DE80004AFFF /* LOGO.png */ = {isa = PBXFileReference; lastKnownFileType = image.png; path = LOGO.png; sourceTree = "<group>"; };
		DB445A6218C410C20004AFFF /* background.png */ = {isa = PBXFileReference; lastKnownFileType = image.png; name = background.png; path = ../background.png; sourceTree = "<group>"; };
		DB445A6318C410C20004AFFF /* background02.png */ = {isa = PBXFileReference; lastKnownFileType = image.png; name = background02.png; path = ../background02.png; sourceTree = "<group>"; };
		DB445A6618C412E70004AFFF /* smallLogo.png */ = {isa = PBXFileReference; lastKnownFileType = image.png; path = smallLogo.png; sourceTree = "<group>"; };
		DB445A6818C414A60004AFFF /* logo58.png */ = {isa = PBXFileReference; lastKnownFileType = image.png; path = logo58.png; sourceTree = "<group>"; };
		DB445A6918C414A60004AFFF /* logo80.png */ = {isa = PBXFileReference; lastKnownFileType = image.png; path = logo80.png; sourceTree = "<group>"; };
		DB445A6A18C414A60004AFFF /* logo120.png */ = {isa = PBXFileReference; lastKnownFileType = image.png; path = logo120.png; sourceTree = "<group>"; };
		DB7125BC18C2585200DC5D3F /* code_wallpaper.jpg */ = {isa = PBXFileReference; lastKnownFileType = image.jpeg; path = code_wallpaper.jpg; sourceTree = "<group>"; };
		DB7125C018C25DB000DC5D3F /* 10027_640x960_iphonehdwallpapers_net.jpg */ = {isa = PBXFileReference; lastKnownFileType = image.jpeg; path = 10027_640x960_iphonehdwallpapers_net.jpg; sourceTree = "<group>"; };
		DB7125C218C25F1500DC5D3F /* 6625_640x960_iphonehdwallpapers_net.jpg */ = {isa = PBXFileReference; lastKnownFileType = image.jpeg; path = 6625_640x960_iphonehdwallpapers_net.jpg; sourceTree = "<group>"; };
		DB7125C418C26D6800DC5D3F /* background.jpg */ = {isa = PBXFileReference; lastKnownFileType = image.jpeg; path = background.jpg; sourceTree = "<group>"; };
		DB7125C818C272DC00DC5D3F /* fingerPrint_1.jpg */ = {isa = PBXFileReference; lastKnownFileType = image.jpeg; path = fingerPrint_1.jpg; sourceTree = "<group>"; };
		DB7125D418C279FF00DC5D3F /* PetitionViewController.h */ = {isa = PBXFileReference; fileEncoding = 4; lastKnownFileType = sourcecode.c.h; path = PetitionViewController.h; sourceTree = "<group>"; };
		DB7125D518C279FF00DC5D3F /* PetitionViewController.m */ = {isa = PBXFileReference; fileEncoding = 4; lastKnownFileType = sourcecode.c.objc; path = PetitionViewController.m; sourceTree = "<group>"; };
		DB9201ED18C0FA6C00BFD05C /* wi-spi-background-3.jpg */ = {isa = PBXFileReference; lastKnownFileType = image.jpeg; path = "wi-spi-background-3.jpg"; sourceTree = "<group>"; };
		DB9201EF18C0FC5600BFD05C /* finger-print-scan.png */ = {isa = PBXFileReference; lastKnownFileType = image.png; path = "finger-print-scan.png"; sourceTree = "<group>"; };
		DBF53A1818C0EBC000428BF8 /* WiSpy.app */ = {isa = PBXFileReference; explicitFileType = wrapper.application; includeInIndex = 0; path = WiSpy.app; sourceTree = BUILT_PRODUCTS_DIR; };
		DBF53A1B18C0EBC000428BF8 /* Foundation.framework */ = {isa = PBXFileReference; lastKnownFileType = wrapper.framework; name = Foundation.framework; path = System/Library/Frameworks/Foundation.framework; sourceTree = SDKROOT; };
		DBF53A1D18C0EBC000428BF8 /* CoreGraphics.framework */ = {isa = PBXFileReference; lastKnownFileType = wrapper.framework; name = CoreGraphics.framework; path = System/Library/Frameworks/CoreGraphics.framework; sourceTree = SDKROOT; };
		DBF53A1F18C0EBC000428BF8 /* UIKit.framework */ = {isa = PBXFileReference; lastKnownFileType = wrapper.framework; name = UIKit.framework; path = System/Library/Frameworks/UIKit.framework; sourceTree = SDKROOT; };
		DBF53A2318C0EBC000428BF8 /* WiSpy-Info.plist */ = {isa = PBXFileReference; lastKnownFileType = text.plist.xml; path = "WiSpy-Info.plist"; sourceTree = "<group>"; };
		DBF53A2518C0EBC000428BF8 /* en */ = {isa = PBXFileReference; lastKnownFileType = text.plist.strings; name = en; path = en.lproj/InfoPlist.strings; sourceTree = "<group>"; };
		DBF53A2718C0EBC000428BF8 /* main.m */ = {isa = PBXFileReference; lastKnownFileType = sourcecode.c.objc; path = main.m; sourceTree = "<group>"; };
		DBF53A2918C0EBC000428BF8 /* WiSpy-Prefix.pch */ = {isa = PBXFileReference; lastKnownFileType = sourcecode.c.h; path = "WiSpy-Prefix.pch"; sourceTree = "<group>"; };
		DBF53A2A18C0EBC000428BF8 /* AppDelegate.h */ = {isa = PBXFileReference; lastKnownFileType = sourcecode.c.h; path = AppDelegate.h; sourceTree = "<group>"; };
		DBF53A2B18C0EBC000428BF8 /* AppDelegate.m */ = {isa = PBXFileReference; lastKnownFileType = sourcecode.c.objc; path = AppDelegate.m; sourceTree = "<group>"; };
		DBF53A2E18C0EBC000428BF8 /* Base */ = {isa = PBXFileReference; lastKnownFileType = file.storyboard; name = Base; path = Base.lproj/Main.storyboard; sourceTree = "<group>"; };
		DBF53A3018C0EBC000428BF8 /* ViewController.h */ = {isa = PBXFileReference; lastKnownFileType = sourcecode.c.h; path = ViewController.h; sourceTree = "<group>"; };
		DBF53A3118C0EBC000428BF8 /* ViewController.m */ = {isa = PBXFileReference; lastKnownFileType = sourcecode.c.objc; path = ViewController.m; sourceTree = "<group>"; };
		DBF53A3318C0EBC000428BF8 /* Images.xcassets */ = {isa = PBXFileReference; lastKnownFileType = folder.assetcatalog; path = Images.xcassets; sourceTree = "<group>"; };
		DBF53A3918C0EBC000428BF8 /* WiSpyTests.xctest */ = {isa = PBXFileReference; explicitFileType = wrapper.cfbundle; includeInIndex = 0; path = WiSpyTests.xctest; sourceTree = BUILT_PRODUCTS_DIR; };
		DBF53A3A18C0EBC000428BF8 /* XCTest.framework */ = {isa = PBXFileReference; lastKnownFileType = wrapper.framework; name = XCTest.framework; path = Library/Frameworks/XCTest.framework; sourceTree = DEVELOPER_DIR; };
		DBF53A4218C0EBC000428BF8 /* WiSpyTests-Info.plist */ = {isa = PBXFileReference; lastKnownFileType = text.plist.xml; path = "WiSpyTests-Info.plist"; sourceTree = "<group>"; };
		DBF53A4418C0EBC000428BF8 /* en */ = {isa = PBXFileReference; lastKnownFileType = text.plist.strings; name = en; path = en.lproj/InfoPlist.strings; sourceTree = "<group>"; };
		DBF53A4618C0EBC000428BF8 /* WiSpyTests.m */ = {isa = PBXFileReference; lastKnownFileType = sourcecode.c.objc; path = WiSpyTests.m; sourceTree = "<group>"; };
		DBF53A6118C0F30700428BF8 /* wi-spi-background-2.png */ = {isa = PBXFileReference; lastKnownFileType = image.png; path = "wi-spi-background-2.png"; sourceTree = "<group>"; };
/* End PBXFileReference section */

/* Begin PBXFrameworksBuildPhase section */
		DBF53A1518C0EBC000428BF8 /* Frameworks */ = {
			isa = PBXFrameworksBuildPhase;
			buildActionMask = 2147483647;
			files = (
				DBF53A1E18C0EBC000428BF8 /* CoreGraphics.framework in Frameworks */,
				DBF53A2018C0EBC000428BF8 /* UIKit.framework in Frameworks */,
				DBF53A1C18C0EBC000428BF8 /* Foundation.framework in Frameworks */,
			);
			runOnlyForDeploymentPostprocessing = 0;
		};
		DBF53A3618C0EBC000428BF8 /* Frameworks */ = {
			isa = PBXFrameworksBuildPhase;
			buildActionMask = 2147483647;
			files = (
				DBF53A3B18C0EBC000428BF8 /* XCTest.framework in Frameworks */,
				DBF53A3D18C0EBC000428BF8 /* UIKit.framework in Frameworks */,
				DBF53A3C18C0EBC000428BF8 /* Foundation.framework in Frameworks */,
			);
			runOnlyForDeploymentPostprocessing = 0;
		};
/* End PBXFrameworksBuildPhase section */

/* Begin PBXGroup section */
		DBF53A0F18C0EBC000428BF8 = {
			isa = PBXGroup;
			children = (
				DBF53A2118C0EBC000428BF8 /* WiSpy */,
				DBF53A4018C0EBC000428BF8 /* WiSpyTests */,
				DBF53A1A18C0EBC000428BF8 /* Frameworks */,
				DBF53A1918C0EBC000428BF8 /* Products */,
			);
			sourceTree = "<group>";
		};
		DBF53A1918C0EBC000428BF8 /* Products */ = {
			isa = PBXGroup;
			children = (
				DBF53A1818C0EBC000428BF8 /* WiSpy.app */,
				DBF53A3918C0EBC000428BF8 /* WiSpyTests.xctest */,
			);
			name = Products;
			sourceTree = "<group>";
		};
		DBF53A1A18C0EBC000428BF8 /* Frameworks */ = {
			isa = PBXGroup;
			children = (
				DBF53A1B18C0EBC000428BF8 /* Foundation.framework */,
				DBF53A1D18C0EBC000428BF8 /* CoreGraphics.framework */,
				DBF53A1F18C0EBC000428BF8 /* UIKit.framework */,
				DBF53A3A18C0EBC000428BF8 /* XCTest.framework */,
			);
			name = Frameworks;
			sourceTree = "<group>";
		};
		DBF53A2118C0EBC000428BF8 /* WiSpy */ = {
			isa = PBXGroup;
			children = (
				DBF53A5018C0EDA800428BF8 /* Resources */,
				DBF53A2A18C0EBC000428BF8 /* AppDelegate.h */,
				DBF53A2B18C0EBC000428BF8 /* AppDelegate.m */,
				DBF53A2D18C0EBC000428BF8 /* Main.storyboard */,
				DB445A5C18C3F2E30004AFFF /* iPhone5.storyboard */,
				DB445A5918C3D2320004AFFF /* EndTutoViewController.h */,
				DB445A5A18C3D2320004AFFF /* EndTutoViewController.m */,
				DB445A5618C3D21D0004AFFF /* TricksTutoViewController.h */,
				DB445A5718C3D21D0004AFFF /* TricksTutoViewController.m */,
				DB445A5318C3D20B0004AFFF /* DescriptionTutoViewController.h */,
				DB445A5418C3D20B0004AFFF /* DescriptionTutoViewController.m */,
				DB7125D418C279FF00DC5D3F /* PetitionViewController.h */,
				DB7125D518C279FF00DC5D3F /* PetitionViewController.m */,
				DBF53A3018C0EBC000428BF8 /* ViewController.h */,
				DBF53A3118C0EBC000428BF8 /* ViewController.m */,
				DBF53A3318C0EBC000428BF8 /* Images.xcassets */,
				DBF53A2218C0EBC000428BF8 /* Supporting Files */,
				DB445A5018C3D1F50004AFFF /* IntroTutoViewController.h */,
				DB445A5118C3D1F50004AFFF /* IntroTutoViewController.m */,
			);
			path = WiSpy;
			sourceTree = "<group>";
		};
		DBF53A2218C0EBC000428BF8 /* Supporting Files */ = {
			isa = PBXGroup;
			children = (
				DBF53A2318C0EBC000428BF8 /* WiSpy-Info.plist */,
				DBF53A2418C0EBC000428BF8 /* InfoPlist.strings */,
				DBF53A2718C0EBC000428BF8 /* main.m */,
				DBF53A2918C0EBC000428BF8 /* WiSpy-Prefix.pch */,
			);
			name = "Supporting Files";
			sourceTree = "<group>";
		};
		DBF53A4018C0EBC000428BF8 /* WiSpyTests */ = {
			isa = PBXGroup;
			children = (
				DBF53A4618C0EBC000428BF8 /* WiSpyTests.m */,
				DBF53A4118C0EBC000428BF8 /* Supporting Files */,
			);
			path = WiSpyTests;
			sourceTree = "<group>";
		};
		DBF53A4118C0EBC000428BF8 /* Supporting Files */ = {
			isa = PBXGroup;
			children = (
				DBF53A4218C0EBC000428BF8 /* WiSpyTests-Info.plist */,
				DBF53A4318C0EBC000428BF8 /* InfoPlist.strings */,
			);
			name = "Supporting Files";
			sourceTree = "<group>";
		};
		DBF53A5018C0EDA800428BF8 /* Resources */ = {
			isa = PBXGroup;
			children = (
				DB445A6818C414A60004AFFF /* logo58.png */,
				DB445A6918C414A60004AFFF /* logo80.png */,
				DB445A6A18C414A60004AFFF /* logo120.png */,
				DB445A6618C412E70004AFFF /* smallLogo.png */,
				DB445A6218C410C20004AFFF /* background.png */,
				DB445A6318C410C20004AFFF /* background02.png */,
				DB445A5F18C40DE80004AFFF /* LOGO.png */,
				DB7125C818C272DC00DC5D3F /* fingerPrint_1.jpg */,
				DB7125C418C26D6800DC5D3F /* background.jpg */,
				DB7125C218C25F1500DC5D3F /* 6625_640x960_iphonehdwallpapers_net.jpg */,
				DB7125C018C25DB000DC5D3F /* 10027_640x960_iphonehdwallpapers_net.jpg */,
				DB7125BC18C2585200DC5D3F /* code_wallpaper.jpg */,
				DB9201EF18C0FC5600BFD05C /* finger-print-scan.png */,
				DB9201ED18C0FA6C00BFD05C /* wi-spi-background-3.jpg */,
				DBF53A6118C0F30700428BF8 /* wi-spi-background-2.png */,
			);
			name = Resources;
			sourceTree = "<group>";
		};
/* End PBXGroup section */

/* Begin PBXNativeTarget section */
		DBF53A1718C0EBC000428BF8 /* WiSpy */ = {
			isa = PBXNativeTarget;
			buildConfigurationList = DBF53A4A18C0EBC000428BF8 /* Build configuration list for PBXNativeTarget "WiSpy" */;
			buildPhases = (
				DBF53A1418C0EBC000428BF8 /* Sources */,
				DBF53A1518C0EBC000428BF8 /* Frameworks */,
				DBF53A1618C0EBC000428BF8 /* Resources */,
			);
			buildRules = (
			);
			dependencies = (
			);
			name = WiSpy;
			productName = WiSpy;
			productReference = DBF53A1818C0EBC000428BF8 /* WiSpy.app */;
			productType = "com.apple.product-type.application";
		};
		DBF53A3818C0EBC000428BF8 /* WiSpyTests */ = {
			isa = PBXNativeTarget;
			buildConfigurationList = DBF53A4D18C0EBC000428BF8 /* Build configuration list for PBXNativeTarget "WiSpyTests" */;
			buildPhases = (
				DBF53A3518C0EBC000428BF8 /* Sources */,
				DBF53A3618C0EBC000428BF8 /* Frameworks */,
				DBF53A3718C0EBC000428BF8 /* Resources */,
			);
			buildRules = (
			);
			dependencies = (
				DBF53A3F18C0EBC000428BF8 /* PBXTargetDependency */,
			);
			name = WiSpyTests;
			productName = WiSpyTests;
			productReference = DBF53A3918C0EBC000428BF8 /* WiSpyTests.xctest */;
			productType = "com.apple.product-type.bundle.unit-test";
		};
/* End PBXNativeTarget section */

/* Begin PBXProject section */
		DBF53A1018C0EBC000428BF8 /* Project object */ = {
			isa = PBXProject;
			attributes = {
				LastUpgradeCheck = 0500;
				TargetAttributes = {
					DBF53A3818C0EBC000428BF8 = {
						TestTargetID = DBF53A1718C0EBC000428BF8;
					};
				};
			};
			buildConfigurationList = DBF53A1318C0EBC000428BF8 /* Build configuration list for PBXProject "WiSpy" */;
			compatibilityVersion = "Xcode 3.2";
			developmentRegion = English;
			hasScannedForEncodings = 0;
			knownRegions = (
				en,
				Base,
			);
			mainGroup = DBF53A0F18C0EBC000428BF8;
			productRefGroup = DBF53A1918C0EBC000428BF8 /* Products */;
			projectDirPath = "";
			projectRoot = "";
			targets = (
				DBF53A1718C0EBC000428BF8 /* WiSpy */,
				DBF53A3818C0EBC000428BF8 /* WiSpyTests */,
			);
		};
/* End PBXProject section */

/* Begin PBXResourcesBuildPhase section */
		DBF53A1618C0EBC000428BF8 /* Resources */ = {
			isa = PBXResourcesBuildPhase;
			buildActionMask = 2147483647;
			files = (
				DB7125C118C25DB000DC5D3F /* 10027_640x960_iphonehdwallpapers_net.jpg in Resources */,
				DBF53A6218C0F30700428BF8 /* wi-spi-background-2.png in Resources */,
				DB445A6D18C414A60004AFFF /* logo120.png in Resources */,
				DB445A6518C410C20004AFFF /* background02.png in Resources */,
				DB7125BD18C2585200DC5D3F /* code_wallpaper.jpg in Resources */,
				DB445A6C18C414A60004AFFF /* logo80.png in Resources */,
				DB445A6418C410C20004AFFF /* background.png in Resources */,
				DB445A6118C40DE80004AFFF /* LOGO.png in Resources */,
				DB7125C318C25F1500DC5D3F /* 6625_640x960_iphonehdwallpapers_net.jpg in Resources */,
				DBF53A3418C0EBC000428BF8 /* Images.xcassets in Resources */,
				DB7125C518C26D6800DC5D3F /* background.jpg in Resources */,
				DB9201EE18C0FA6C00BFD05C /* wi-spi-background-3.jpg in Resources */,
				DB9201F018C0FC5600BFD05C /* finger-print-scan.png in Resources */,
				DB445A6718C412E70004AFFF /* smallLogo.png in Resources */,
				DB7125C918C272DC00DC5D3F /* fingerPrint_1.jpg in Resources */,
				DB445A6B18C414A60004AFFF /* logo58.png in Resources */,
				DBF53A2618C0EBC000428BF8 /* InfoPlist.strings in Resources */,
				DB445A5D18C3F2E30004AFFF /* iPhone5.storyboard in Resources */,
				DBF53A2F18C0EBC000428BF8 /* Main.storyboard in Resources */,
			);
			runOnlyForDeploymentPostprocessing = 0;
		};
		DBF53A3718C0EBC000428BF8 /* Resources */ = {
			isa = PBXResourcesBuildPhase;
			buildActionMask = 2147483647;
			files = (
				DBF53A4518C0EBC000428BF8 /* InfoPlist.strings in Resources */,
			);
			runOnlyForDeploymentPostprocessing = 0;
		};
/* End PBXResourcesBuildPhase section */

/* Begin PBXSourcesBuildPhase section */
		DBF53A1418C0EBC000428BF8 /* Sources */ = {
			isa = PBXSourcesBuildPhase;
			buildActionMask = 2147483647;
			files = (
				DBF53A3218C0EBC000428BF8 /* ViewController.m in Sources */,
				DBF53A2C18C0EBC000428BF8 /* AppDelegate.m in Sources */,
				DB445A5218C3D1F50004AFFF /* IntroTutoViewController.m in Sources */,
				DB445A5518C3D20B0004AFFF /* DescriptionTutoViewController.m in Sources */,
				DB445A5B18C3D2320004AFFF /* EndTutoViewController.m in Sources */,
				DB7125D618C279FF00DC5D3F /* PetitionViewController.m in Sources */,
				DB445A5818C3D21D0004AFFF /* TricksTutoViewController.m in Sources */,
				DBF53A2818C0EBC000428BF8 /* main.m in Sources */,
			);
			runOnlyForDeploymentPostprocessing = 0;
		};
		DBF53A3518C0EBC000428BF8 /* Sources */ = {
			isa = PBXSourcesBuildPhase;
			buildActionMask = 2147483647;
			files = (
				DBF53A4718C0EBC000428BF8 /* WiSpyTests.m in Sources */,
			);
			runOnlyForDeploymentPostprocessing = 0;
		};
/* End PBXSourcesBuildPhase section */

/* Begin PBXTargetDependency section */
		DBF53A3F18C0EBC000428BF8 /* PBXTargetDependency */ = {
			isa = PBXTargetDependency;
			target = DBF53A1718C0EBC000428BF8 /* WiSpy */;
			targetProxy = DBF53A3E18C0EBC000428BF8 /* PBXContainerItemProxy */;
		};
/* End PBXTargetDependency section */

/* Begin PBXVariantGroup section */
		DBF53A2418C0EBC000428BF8 /* InfoPlist.strings */ = {
			isa = PBXVariantGroup;
			children = (
				DBF53A2518C0EBC000428BF8 /* en */,
			);
			name = InfoPlist.strings;
			sourceTree = "<group>";
		};
		DBF53A2D18C0EBC000428BF8 /* Main.storyboard */ = {
			isa = PBXVariantGroup;
			children = (
				DBF53A2E18C0EBC000428BF8 /* Base */,
			);
			name = Main.storyboard;
			sourceTree = "<group>";
		};
		DBF53A4318C0EBC000428BF8 /* InfoPlist.strings */ = {
			isa = PBXVariantGroup;
			children = (
				DBF53A4418C0EBC000428BF8 /* en */,
			);
			name = InfoPlist.strings;
			sourceTree = "<group>";
		};
/* End PBXVariantGroup section */

/* Begin XCBuildConfiguration section */
		DBF53A4818C0EBC000428BF8 /* Debug */ = {
			isa = XCBuildConfiguration;
			buildSettings = {
				ALWAYS_SEARCH_USER_PATHS = NO;
				ARCHS = "$(ARCHS_STANDARD_INCLUDING_64_BIT)";
				CLANG_CXX_LANGUAGE_STANDARD = "gnu++0x";
				CLANG_CXX_LIBRARY = "libc++";
				CLANG_ENABLE_MODULES = YES;
				CLANG_ENABLE_OBJC_ARC = YES;
				CLANG_WARN_BOOL_CONVERSION = YES;
				CLANG_WARN_CONSTANT_CONVERSION = YES;
				CLANG_WARN_DIRECT_OBJC_ISA_USAGE = YES_ERROR;
				CLANG_WARN_EMPTY_BODY = YES;
				CLANG_WARN_ENUM_CONVERSION = YES;
				CLANG_WARN_INT_CONVERSION = YES;
				CLANG_WARN_OBJC_ROOT_CLASS = YES_ERROR;
				CLANG_WARN__DUPLICATE_METHOD_MATCH = YES;
				"CODE_SIGN_IDENTITY[sdk=iphoneos*]" = "iPhone Developer";
				COPY_PHASE_STRIP = NO;
				GCC_C_LANGUAGE_STANDARD = gnu99;
				GCC_DYNAMIC_NO_PIC = NO;
				GCC_OPTIMIZATION_LEVEL = 0;
				GCC_PREPROCESSOR_DEFINITIONS = (
					"DEBUG=1",
					"$(inherited)",
				);
				GCC_SYMBOLS_PRIVATE_EXTERN = NO;
				GCC_WARN_64_TO_32_BIT_CONVERSION = YES;
				GCC_WARN_ABOUT_RETURN_TYPE = YES_ERROR;
				GCC_WARN_UNDECLARED_SELECTOR = YES;
				GCC_WARN_UNINITIALIZED_AUTOS = YES;
				GCC_WARN_UNUSED_FUNCTION = YES;
				GCC_WARN_UNUSED_VARIABLE = YES;
				IPHONEOS_DEPLOYMENT_TARGET = 7.0;
				ONLY_ACTIVE_ARCH = YES;
				SDKROOT = iphoneos;
			};
			name = Debug;
		};
		DBF53A4918C0EBC000428BF8 /* Release */ = {
			isa = XCBuildConfiguration;
			buildSettings = {
				ALWAYS_SEARCH_USER_PATHS = NO;
				ARCHS = "$(ARCHS_STANDARD_INCLUDING_64_BIT)";
				CLANG_CXX_LANGUAGE_STANDARD = "gnu++0x";
				CLANG_CXX_LIBRARY = "libc++";
				CLANG_ENABLE_MODULES = YES;
				CLANG_ENABLE_OBJC_ARC = YES;
				CLANG_WARN_BOOL_CONVERSION = YES;
				CLANG_WARN_CONSTANT_CONVERSION = YES;
				CLANG_WARN_DIRECT_OBJC_ISA_USAGE = YES_ERROR;
				CLANG_WARN_EMPTY_BODY = YES;
				CLANG_WARN_ENUM_CONVERSION = YES;
				CLANG_WARN_INT_CONVERSION = YES;
				CLANG_WARN_OBJC_ROOT_CLASS = YES_ERROR;
				CLANG_WARN__DUPLICATE_METHOD_MATCH = YES;
				"CODE_SIGN_IDENTITY[sdk=iphoneos*]" = "iPhone Developer";
				COPY_PHASE_STRIP = YES;
				ENABLE_NS_ASSERTIONS = NO;
				GCC_C_LANGUAGE_STANDARD = gnu99;
				GCC_WARN_64_TO_32_BIT_CONVERSION = YES;
				GCC_WARN_ABOUT_RETURN_TYPE = YES_ERROR;
				GCC_WARN_UNDECLARED_SELECTOR = YES;
				GCC_WARN_UNINITIALIZED_AUTOS = YES;
				GCC_WARN_UNUSED_FUNCTION = YES;
				GCC_WARN_UNUSED_VARIABLE = YES;
				IPHONEOS_DEPLOYMENT_TARGET = 7.0;
				SDKROOT = iphoneos;
				VALIDATE_PRODUCT = YES;
			};
			name = Release;
		};
		DBF53A4B18C0EBC000428BF8 /* Debug */ = {
			isa = XCBuildConfiguration;
			buildSettings = {
				GCC_PRECOMPILE_PREFIX_HEADER = YES;
				GCC_PREFIX_HEADER = "WiSpy/WiSpy-Prefix.pch";
				INFOPLIST_FILE = "WiSpy/WiSpy-Info.plist";
				PRODUCT_NAME = "$(TARGET_NAME)";
				WRAPPER_EXTENSION = app;
			};
			name = Debug;
		};
		DBF53A4C18C0EBC000428BF8 /* Release */ = {
			isa = XCBuildConfiguration;
			buildSettings = {
				GCC_PRECOMPILE_PREFIX_HEADER = YES;
				GCC_PREFIX_HEADER = "WiSpy/WiSpy-Prefix.pch";
				INFOPLIST_FILE = "WiSpy/WiSpy-Info.plist";
				PRODUCT_NAME = "$(TARGET_NAME)";
				WRAPPER_EXTENSION = app;
			};
			name = Release;
		};
		DBF53A4E18C0EBC000428BF8 /* Debug */ = {
			isa = XCBuildConfiguration;
			buildSettings = {
				ARCHS = "$(ARCHS_STANDARD_INCLUDING_64_BIT)";
				BUNDLE_LOADER = "$(BUILT_PRODUCTS_DIR)/WiSpy.app/WiSpy";
				FRAMEWORK_SEARCH_PATHS = (
					"$(SDKROOT)/Developer/Library/Frameworks",
					"$(inherited)",
					"$(DEVELOPER_FRAMEWORKS_DIR)",
				);
				GCC_PRECOMPILE_PREFIX_HEADER = YES;
				GCC_PREFIX_HEADER = "WiSpy/WiSpy-Prefix.pch";
				GCC_PREPROCESSOR_DEFINITIONS = (
					"DEBUG=1",
					"$(inherited)",
				);
				INFOPLIST_FILE = "WiSpyTests/WiSpyTests-Info.plist";
				PRODUCT_NAME = "$(TARGET_NAME)";
				TEST_HOST = "$(BUNDLE_LOADER)";
				WRAPPER_EXTENSION = xctest;
			};
			name = Debug;
		};
		DBF53A4F18C0EBC000428BF8 /* Release */ = {
			isa = XCBuildConfiguration;
			buildSettings = {
				ARCHS = "$(ARCHS_STANDARD_INCLUDING_64_BIT)";
				BUNDLE_LOADER = "$(BUILT_PRODUCTS_DIR)/WiSpy.app/WiSpy";
				FRAMEWORK_SEARCH_PATHS = (
					"$(SDKROOT)/Developer/Library/Frameworks",
					"$(inherited)",
					"$(DEVELOPER_FRAMEWORKS_DIR)",
				);
				GCC_PRECOMPILE_PREFIX_HEADER = YES;
				GCC_PREFIX_HEADER = "WiSpy/WiSpy-Prefix.pch";
				INFOPLIST_FILE = "WiSpyTests/WiSpyTests-Info.plist";
				PRODUCT_NAME = "$(TARGET_NAME)";
				TEST_HOST = "$(BUNDLE_LOADER)";
				WRAPPER_EXTENSION = xctest;
			};
			name = Release;
		};
/* End XCBuildConfiguration section */

/* Begin XCConfigurationList section */
		DBF53A1318C0EBC000428BF8 /* Build configuration list for PBXProject "WiSpy" */ = {
			isa = XCConfigurationList;
			buildConfigurations = (
				DBF53A4818C0EBC000428BF8 /* Debug */,
				DBF53A4918C0EBC000428BF8 /* Release */,
			);
			defaultConfigurationIsVisible = 0;
			defaultConfigurationName = Release;
		};
		DBF53A4A18C0EBC000428BF8 /* Build configuration list for PBXNativeTarget "WiSpy" */ = {
			isa = XCConfigurationList;
			buildConfigurations = (
				DBF53A4B18C0EBC000428BF8 /* Debug */,
				DBF53A4C18C0EBC000428BF8 /* Release */,
			);
			defaultConfigurationIsVisible = 0;
			defaultConfigurationName = Release;
		};
		DBF53A4D18C0EBC000428BF8 /* Build configuration list for PBXNativeTarget "WiSpyTests" */ = {
			isa = XCConfigurationList;
			buildConfigurations = (
				DBF53A4E18C0EBC000428BF8 /* Debug */,
				DBF53A4F18C0EBC000428BF8 /* Release */,
			);
			defaultConfigurationIsVisible = 0;
			defaultConfigurationName = Release;
		};
/* End XCConfigurationList section */
	};
	rootObject = DBF53A1018C0EBC000428BF8 /* Project object */;
}
